bazil.org/fuse v0.0.0-20200117225306-7b5117fecadc h1:utDghgcjE8u+EBjHOgYT+dJPcnDF05KqWMBcjuJy510=
bazil.org/fuse v0.0.0-20200117225306-7b5117fecadc/go.mod h1:FbcW6z/2VytnFDhZfumh8Ss8zxHE6qpMP5sHTRe0EaM=
github.com/ev3go/ev3 v0.0.0-20180809222216-71c98163af71 h1:Z/91t3Mco51yJ8FeHONLHhTk557H2vfIdp5afTOqmZo=
github.com/ev3go/ev3 v0.0.0-20180809222216-71c98163af71/go.mod h1:YBb2YEFMxoLDpwFOG9ZGhmvQp049IwkdzVw+xoBUpCc=
github.com/ev3go/ev3dev v0.0.0-20230218223055-ac0bd47ba218 h1:0CbMwLi0VWA/8jfXAokm90rSnszRxUecnqnkiF7tnjY=
github.com/ev3go/ev3dev v0.0.0-20230218223055-ac0bd47ba218/go.mod h1:czHG1yhHZUpy8SATZBm9bD9mhhfzXJaa2MnG5auKgTM=
github.com/ev3go/sisyphus v0.0.0-20230218220525-74fbc3041f9b h1:ZuvSyvd1RJ1G4np3Jg1ecyayaAR4cug9vUG40h2XUN4=
github.com/ev3go/sisyphus v0.0.0-20230218220525-74fbc3041f9b/go.mod h1:hQZTnPqrj8UG7cF8ch0soSKV9yCUqI7jSsdk25AX+sM=
github.com/golang/protobuf v1.5.0/go.mod h1:FsONVRAS9T7sI+LIUmWTfcYkHO4aIWwzhcaSAoJOfIk=
github.com/golang/protobuf v1.5.2 h1:ROPKBNFfQgOUMifHyP+KYbvpjbdoFNs+aK7DXlji0Tw=
github.com/golang/protobuf v1.5.2/go.mod h1:XVQd3VNwM+JqD3oG2Ue2ip4fOMUkwXdXDdiuN0vRsmY=
github.com/google/go-cmp v0.5.5/go.mod h1:v8dTdLbMG2kIc/vJvl+f65V22dbkXbowE6jgT/gNBxE=
github.com/google/go-cmp v0.5.9 h1:O2Tfq5qg4qc4AmwVlvv0oLiVAGB7enBSJ2x2DqQFi38=
github.com/tv42/httpunix v0.0.0-20191220191345-2ba4b9c3382c/go.mod h1:hzIxponao9Kjc7aWznkXaL4U4TWaDSs8zcsY4Ka08nM=
golang.org/x/net v0.7.0 h1:rJrUqqhjsgNp7KqAIc25s9pZnjU7TUcSY7HcVZjdn1g=
golang.org/x/net v0.7.0/go.mod h1:2Tu9+aMcznHK/AK1HMvgo6xiTLG5rD5rZLDS+rp2Bjs=
golang.org/x/sys v0.0.0-20191210023423-ac6580df4449/go.mod h1:h1NjWce9XRLGQEsW7wpKNCjG9DtNlClVuFLEZdDNbEs=
golang.org/x/sys v0.5.0 h1:MUK/U/4lj1t1oPg0HfuXDN/Z1wv31ZJ/YcPiGccS4DU=
golang.org/x/sys v0.5.0/go.mod h1:oPkhp1MJrh7nUepCBck5+mAzfO9JrbApNNgaTdGDITg=
golang.org/x/text v0.7.0 h1:4BRB4x83lYWy72KwLD/qYDuTu7q9PjSagHvijDw7cLo=
golang.org/x/text v0.7.0/go.mod h1:mrYo+phRRbMaCq/xk9113O4dZlRixOauAjOtrjsXDZ8=
golang.org/x/xerrors v0.0.0-20191204190536-9bdfabe68543/go.mod h1:I/5z698sn9Ka8TeJc9MKroUUfqBBauWjQqLJ2OPfmY0=
google.golang.org/genproto v0.0.0-20230301171018-9ab4bdc49ad5 h1:/cadn7taPtPlCgiWNetEPsle7jgnlad2R7gR5MXB6dM=
google.golang.org/genproto v0.0.0-20230301171018-9ab4bdc49ad5/go.mod h1:TvhZT5f700eVlTNwND1xoEZQeWTB2RY/65kplwl/bFA=
google.golang.org/grpc v1.53.0 h1:LAv2ds7cmFV/XTS3XG1NneeENYrXGmorPxsBbptIjNc=
google.golang.org/grpc v1.53.0/go.mod h1:OnIrk0ipVdj4N5d9IUoFUx72/VlD7+jUsHwZgwSMQpw=
google.golang.org/protobuf v1.26.0-rc.1/go.mod h1:jlhhOSvTdKEhbULTjvd4ARK9grFBp09yW+WbY/TyQbw=
google.golang.org/protobuf v1.26.0/go.mod h1:9q0QmTI4eRPtz6boOQmLYwt+qCgq0jsYwAQnmE0givc=
google.golang.org/protobuf v1.28.1 h1:d0NfwRgPtno5B1Wa6L2DAG+KivqkdutMf1UhdNx175w=
google.golang.org/protobuf v1.28.1/go.mod h1:HV8QOd/L58Z+nl8r43ehVNZIU/HEI6OcFqwMG9pJV4I=
periph.io/x/periph v3.4.0+incompatible/go.mod h1:EWr+FCIU2dBWz5/wSWeiIUJTriYv9v2j2ENBmgYyy7Y=
